
Microsoft Visual Studio Solution File, Format Version 12.00
# Visual Studio Version 16
VisualStudioVersion = 16.0.34031.81
MinimumVisualStudioVersion = 10.0.40219.1
Project("{FAE04EC0-301F-11D3-BF4B-00C04F79EFBC}") = "Tyuiu.MartysevichAD.Sprint4.Task0.V6.Test", "Tyuiu.MartysevichAD.Sprint4.Task0.V6.Test\Tyuiu.MartysevichAD.Sprint4.Task0.V6.Test.csproj", "{C25F538C-F3BD-4458-B380-F4DADF29EBB9}"
EndProject
Project("{FAE04EC0-301F-11D3-BF4B-00C04F79EFBC}") = "Tyuiu.MartysevichAD.Sprint4.Task0.V6.Lib", "Tyuiu.MartysevichAD.Sprint4.Task0.V6.Lib\Tyuiu.MartysevichAD.Sprint4.Task0.V6.Lib.csproj", "{6C341D51-7ECA-4BE8-9D72-B97600B55104}"
EndProject
Project("{FAE04EC0-301F-11D3-BF4B-00C04F79EFBC}") = "Tyuiu.MartysevichAD.Sprint4.Task0.V6", "Tyuiu.MartysevichAD.Sprint4.Task0.V6\Tyuiu.MartysevichAD.Sprint4.Task0.V6.csproj", "{9B053248-0445-4A2C-9651-BFFB00164BB5}"
EndProject
Project("{2150E333-8FDC-42A3-9474-1A3956D46DE8}") = "Task0", "Task0", "{91BBAD82-526F-46B9-8D5B-D5E533BE0CCF}"
EndProject
Project("{2150E333-8FDC-42A3-9474-1A3956D46DE8}") = "Task1", "Task1", "{B88ED806-5207-4929-97B7-2C3A7627A3DE}"
EndProject
Project("{FAE04EC0-301F-11D3-BF4B-00C04F79EFBC}") = "Tyuiu.MartysevichAD.Sprint4.Task1.V16", "Tyuiu.MartysevichAD.Sprint4.Task1.V16\Tyuiu.MartysevichAD.Sprint4.Task1.V16.csproj", "{3711E79F-F72A-4D6C-BAD2-03AE17A8DA2D}"
EndProject
Project("{FAE04EC0-301F-11D3-BF4B-00C04F79EFBC}") = "Tyuiu.MartysevichAD.Sprint4.Task1.V16.Lib", "Tyuiu.MartysevichAD.Sprint4.Task1.V16.Lib\Tyuiu.MartysevichAD.Sprint4.Task1.V16.Lib.csproj", "{2C94BF83-D339-40A8-89A1-0C4BF59367F4}"
EndProject
Project("{FAE04EC0-301F-11D3-BF4B-00C04F79EFBC}") = "Tyuiu.MartysevichAD.Sprint4.Task1.V16.Test", "Tyuiu.MartysevichAD.Sprint4.Task1.V16.Test\Tyuiu.MartysevichAD.Sprint4.Task1.V16.Test.csproj", "{54E9087C-35E7-435D-8D71-8EF04D645710}"
EndProject
Project("{2150E333-8FDC-42A3-9474-1A3956D46DE8}") = "Task2", "Task2", "{B8C3B516-4BF1-49A3-82B5-9CFDBA3E5DC3}"
EndProject
Project("{FAE04EC0-301F-11D3-BF4B-00C04F79EFBC}") = "Tyuiu.MartysevichAD.Sprint4.Task2.V30.Test", "Tyuiu.MartysevichAD.Sprint4.Task2.V30.Test\Tyuiu.MartysevichAD.Sprint4.Task2.V30.Test.csproj", "{122539D6-7DD4-454A-B2BD-3E3CD5BC1B13}"
EndProject
Project("{FAE04EC0-301F-11D3-BF4B-00C04F79EFBC}") = "Tyuiu.MartysevichAD.Sprint4.Task2.V30.Lib", "Tyuiu.MartysevichAD.Sprint4.Task2.V30.Lib\Tyuiu.MartysevichAD.Sprint4.Task2.V30.Lib.csproj", "{C1ED4AF7-06D2-457E-B739-2C4BD9FC8EBF}"
EndProject
Project("{FAE04EC0-301F-11D3-BF4B-00C04F79EFBC}") = "Tyuiu.MartysevichAD.Sprint4.Task2.V30", "Tyuiu.MartysevichAD.Sprint4.Task2.V30\Tyuiu.MartysevichAD.Sprint4.Task2.V30.csproj", "{FBF67B3E-4B66-4046-9AEF-EB3986DC73D6}"
EndProject
Project("{2150E333-8FDC-42A3-9474-1A3956D46DE8}") = "Task3", "Task3", "{8B4BFA39-5314-4EDE-927C-29B744992D08}"
EndProject
Project("{FAE04EC0-301F-11D3-BF4B-00C04F79EFBC}") = "Tyuiu.MartysevichAD.Sprint4.Task3.V7", "Tyuiu.MartysevichAD.Sprint4.Task3.V7\Tyuiu.MartysevichAD.Sprint4.Task3.V7.csproj", "{438DEE65-0935-48FF-8D96-55B6C6E0A2AA}"
EndProject
Project("{FAE04EC0-301F-11D3-BF4B-00C04F79EFBC}") = "Tyuiu.MartysevichAD.Sprint4.Task3.V7.Lib", "Tyuiu.MartysevichAD.Sprint4.Task3.V7.Lib\Tyuiu.MartysevichAD.Sprint4.Task3.V7.Lib.csproj", "{13DE978D-7FFB-42AA-986F-8EF98C164298}"
EndProject
Project("{FAE04EC0-301F-11D3-BF4B-00C04F79EFBC}") = "Tyuiu.MartysevichAD.Sprint4.Task3.V7.Test", "Tyuiu.MartysevichAD.Sprint4.Task3.V7.Test\Tyuiu.MartysevichAD.Sprint4.Task3.V7.Test.csproj", "{366FBC86-DA99-424B-8F8A-94107E74057C}"
EndProject
Project("{2150E333-8FDC-42A3-9474-1A3956D46DE8}") = "Task4", "Task4", "{D7557604-F660-483C-B625-BE9D38B2E6B9}"
EndProject
Project("{FAE04EC0-301F-11D3-BF4B-00C04F79EFBC}") = "Tyuiu.MartysevichAD.Sprint4.Task4.V24.Test", "Tyuiu.MartysevichAD.Sprint4.Task4.V24.Test\Tyuiu.MartysevichAD.Sprint4.Task4.V24.Test.csproj", "{480B7E94-E844-4A8B-AB32-4EA8D5F03589}"
EndProject
Project("{FAE04EC0-301F-11D3-BF4B-00C04F79EFBC}") = "Tyuiu.MartysevichAD.Sprint4.Task4.V24.Lib", "Tyuiu.MartysevichAD.Sprint4.Task4.V24.Lib\Tyuiu.MartysevichAD.Sprint4.Task4.V24.Lib.csproj", "{88206EBF-2B13-434F-9985-8626653F5B0D}"
EndProject
Project("{FAE04EC0-301F-11D3-BF4B-00C04F79EFBC}") = "Tyuiu.MartysevichAD.Sprint4.Task4.V24", "Tyuiu.MartysevichAD.Sprint4.Task4.V24\Tyuiu.MartysevichAD.Sprint4.Task4.V24.csproj", "{9AB7615A-A8EB-4DD7-8822-D278D1CA1177}"
EndProject
Project("{2150E333-8FDC-42A3-9474-1A3956D46DE8}") = "Task5", "Task5", "{6C805D00-AF47-4F45-AF69-31AE9DFFEE03}"
EndProject
Project("{FAE04EC0-301F-11D3-BF4B-00C04F79EFBC}") = "Tyuiu.MartysevichAD.Sprint4.Task5.V6.Test", "Tyuiu.MartysevichAD.Sprint4.Task5.V6.Test\Tyuiu.MartysevichAD.Sprint4.Task5.V6.Test.csproj", "{96BEE1B0-776E-4FEE-8526-B6723BADA502}"
EndProject
Project("{FAE04EC0-301F-11D3-BF4B-00C04F79EFBC}") = "Tyuiu.MartysevichAD.Sprint4.Task5.V6.Lib", "Tyuiu.MartysevichAD.Sprint4.Task5.V6.Lib\Tyuiu.MartysevichAD.Sprint4.Task5.V6.Lib.csproj", "{DAC7C0A9-ACD0-4F51-9FAF-A64C90509C91}"
EndProject
Project("{FAE04EC0-301F-11D3-BF4B-00C04F79EFBC}") = "Tyuiu.MartysevichAD.Sprint4.Task5.V6", "Tyuiu.MartysevichAD.Sprint4.Task5.V6\Tyuiu.MartysevichAD.Sprint4.Task5.V6.csproj", "{132E7503-F1CA-4C17-BC91-FF986337480F}"
EndProject
Project("{2150E333-8FDC-42A3-9474-1A3956D46DE8}") = "Task6", "Task6", "{B7B7EFF9-0071-4792-8E21-0EFD94374EDF}"
EndProject
Project("{FAE04EC0-301F-11D3-BF4B-00C04F79EFBC}") = "Tyuiu.MartysevichAD.Sprint4.Task6.V28", "Tyuiu.MartysevichAD.Sprint4.Task6.V28\Tyuiu.MartysevichAD.Sprint4.Task6.V28.csproj", "{862E1325-EF9B-442E-BA5B-15CE399F33B9}"
EndProject
Project("{FAE04EC0-301F-11D3-BF4B-00C04F79EFBC}") = "Tyuiu.MartysevichAD.Sprint4.Task6.V28.Lib", "Tyuiu.MartysevichAD.Sprint4.Task6.V28.Lib\Tyuiu.MartysevichAD.Sprint4.Task6.V28.Lib.csproj", "{1F1ADDE9-BC3D-4C5E-B583-D2DC264BE506}"
EndProject
Project("{FAE04EC0-301F-11D3-BF4B-00C04F79EFBC}") = "Tyuiu.MartysevichAD.Sprint4.Task6.V28.Test", "Tyuiu.MartysevichAD.Sprint4.Task6.V28.Test\Tyuiu.MartysevichAD.Sprint4.Task6.V28.Test.csproj", "{8A152B4F-E2BD-47E7-8915-8F06ED7929A9}"
EndProject
Global
	GlobalSection(SolutionConfigurationPlatforms) = preSolution
		Debug|Any CPU = Debug|Any CPU
		Release|Any CPU = Release|Any CPU
	EndGlobalSection
	GlobalSection(ProjectConfigurationPlatforms) = postSolution
		{C25F538C-F3BD-4458-B380-F4DADF29EBB9}.Debug|Any CPU.ActiveCfg = Debug|Any CPU
		{C25F538C-F3BD-4458-B380-F4DADF29EBB9}.Debug|Any CPU.Build.0 = Debug|Any CPU
		{C25F538C-F3BD-4458-B380-F4DADF29EBB9}.Release|Any CPU.ActiveCfg = Release|Any CPU
		{C25F538C-F3BD-4458-B380-F4DADF29EBB9}.Release|Any CPU.Build.0 = Release|Any CPU
		{6C341D51-7ECA-4BE8-9D72-B97600B55104}.Debug|Any CPU.ActiveCfg = Debug|Any CPU
		{6C341D51-7ECA-4BE8-9D72-B97600B55104}.Debug|Any CPU.Build.0 = Debug|Any CPU
		{6C341D51-7ECA-4BE8-9D72-B97600B55104}.Release|Any CPU.ActiveCfg = Release|Any CPU
		{6C341D51-7ECA-4BE8-9D72-B97600B55104}.Release|Any CPU.Build.0 = Release|Any CPU
		{9B053248-0445-4A2C-9651-BFFB00164BB5}.Debug|Any CPU.ActiveCfg = Debug|Any CPU
		{9B053248-0445-4A2C-9651-BFFB00164BB5}.Debug|Any CPU.Build.0 = Debug|Any CPU
		{9B053248-0445-4A2C-9651-BFFB00164BB5}.Release|Any CPU.ActiveCfg = Release|Any CPU
		{9B053248-0445-4A2C-9651-BFFB00164BB5}.Release|Any CPU.Build.0 = Release|Any CPU
		{3711E79F-F72A-4D6C-BAD2-03AE17A8DA2D}.Debug|Any CPU.ActiveCfg = Debug|Any CPU
		{3711E79F-F72A-4D6C-BAD2-03AE17A8DA2D}.Debug|Any CPU.Build.0 = Debug|Any CPU
		{3711E79F-F72A-4D6C-BAD2-03AE17A8DA2D}.Release|Any CPU.ActiveCfg = Release|Any CPU
		{3711E79F-F72A-4D6C-BAD2-03AE17A8DA2D}.Release|Any CPU.Build.0 = Release|Any CPU
		{2C94BF83-D339-40A8-89A1-0C4BF59367F4}.Debug|Any CPU.ActiveCfg = Debug|Any CPU
		{2C94BF83-D339-40A8-89A1-0C4BF59367F4}.Debug|Any CPU.Build.0 = Debug|Any CPU
		{2C94BF83-D339-40A8-89A1-0C4BF59367F4}.Release|Any CPU.ActiveCfg = Release|Any CPU
		{2C94BF83-D339-40A8-89A1-0C4BF59367F4}.Release|Any CPU.Build.0 = Release|Any CPU
		{54E9087C-35E7-435D-8D71-8EF04D645710}.Debug|Any CPU.ActiveCfg = Debug|Any CPU
		{54E9087C-35E7-435D-8D71-8EF04D645710}.Debug|Any CPU.Build.0 = Debug|Any CPU
		{54E9087C-35E7-435D-8D71-8EF04D645710}.Release|Any CPU.ActiveCfg = Release|Any CPU
		{54E9087C-35E7-435D-8D71-8EF04D645710}.Release|Any CPU.Build.0 = Release|Any CPU
		{122539D6-7DD4-454A-B2BD-3E3CD5BC1B13}.Debug|Any CPU.ActiveCfg = Debug|Any CPU
		{122539D6-7DD4-454A-B2BD-3E3CD5BC1B13}.Debug|Any CPU.Build.0 = Debug|Any CPU
		{122539D6-7DD4-454A-B2BD-3E3CD5BC1B13}.Release|Any CPU.ActiveCfg = Release|Any CPU
		{122539D6-7DD4-454A-B2BD-3E3CD5BC1B13}.Release|Any CPU.Build.0 = Release|Any CPU
		{C1ED4AF7-06D2-457E-B739-2C4BD9FC8EBF}.Debug|Any CPU.ActiveCfg = Debug|Any CPU
		{C1ED4AF7-06D2-457E-B739-2C4BD9FC8EBF}.Debug|Any CPU.Build.0 = Debug|Any CPU
		{C1ED4AF7-06D2-457E-B739-2C4BD9FC8EBF}.Release|Any CPU.ActiveCfg = Release|Any CPU
		{C1ED4AF7-06D2-457E-B739-2C4BD9FC8EBF}.Release|Any CPU.Build.0 = Release|Any CPU
		{FBF67B3E-4B66-4046-9AEF-EB3986DC73D6}.Debug|Any CPU.ActiveCfg = Debug|Any CPU
		{FBF67B3E-4B66-4046-9AEF-EB3986DC73D6}.Debug|Any CPU.Build.0 = Debug|Any CPU
		{FBF67B3E-4B66-4046-9AEF-EB3986DC73D6}.Release|Any CPU.ActiveCfg = Release|Any CPU
		{FBF67B3E-4B66-4046-9AEF-EB3986DC73D6}.Release|Any CPU.Build.0 = Release|Any CPU
		{438DEE65-0935-48FF-8D96-55B6C6E0A2AA}.Debug|Any CPU.ActiveCfg = Debug|Any CPU
		{438DEE65-0935-48FF-8D96-55B6C6E0A2AA}.Debug|Any CPU.Build.0 = Debug|Any CPU
		{438DEE65-0935-48FF-8D96-55B6C6E0A2AA}.Release|Any CPU.ActiveCfg = Release|Any CPU
		{438DEE65-0935-48FF-8D96-55B6C6E0A2AA}.Release|Any CPU.Build.0 = Release|Any CPU
		{13DE978D-7FFB-42AA-986F-8EF98C164298}.Debug|Any CPU.ActiveCfg = Debug|Any CPU
		{13DE978D-7FFB-42AA-986F-8EF98C164298}.Debug|Any CPU.Build.0 = Debug|Any CPU
		{13DE978D-7FFB-42AA-986F-8EF98C164298}.Release|Any CPU.ActiveCfg = Release|Any CPU
		{13DE978D-7FFB-42AA-986F-8EF98C164298}.Release|Any CPU.Build.0 = Release|Any CPU
		{366FBC86-DA99-424B-8F8A-94107E74057C}.Debug|Any CPU.ActiveCfg = Debug|Any CPU
		{366FBC86-DA99-424B-8F8A-94107E74057C}.Debug|Any CPU.Build.0 = Debug|Any CPU
		{366FBC86-DA99-424B-8F8A-94107E74057C}.Release|Any CPU.ActiveCfg = Release|Any CPU
		{366FBC86-DA99-424B-8F8A-94107E74057C}.Release|Any CPU.Build.0 = Release|Any CPU
		{480B7E94-E844-4A8B-AB32-4EA8D5F03589}.Debug|Any CPU.ActiveCfg = Debug|Any CPU
		{480B7E94-E844-4A8B-AB32-4EA8D5F03589}.Debug|Any CPU.Build.0 = Debug|Any CPU
		{480B7E94-E844-4A8B-AB32-4EA8D5F03589}.Release|Any CPU.ActiveCfg = Release|Any CPU
		{480B7E94-E844-4A8B-AB32-4EA8D5F03589}.Release|Any CPU.Build.0 = Release|Any CPU
		{88206EBF-2B13-434F-9985-8626653F5B0D}.Debug|Any CPU.ActiveCfg = Debug|Any CPU
		{88206EBF-2B13-434F-9985-8626653F5B0D}.Debug|Any CPU.Build.0 = Debug|Any CPU
		{88206EBF-2B13-434F-9985-8626653F5B0D}.Release|Any CPU.ActiveCfg = Release|Any CPU
		{88206EBF-2B13-434F-9985-8626653F5B0D}.Release|Any CPU.Build.0 = Release|Any CPU
		{9AB7615A-A8EB-4DD7-8822-D278D1CA1177}.Debug|Any CPU.ActiveCfg = Debug|Any CPU
		{9AB7615A-A8EB-4DD7-8822-D278D1CA1177}.Debug|Any CPU.Build.0 = Debug|Any CPU
		{9AB7615A-A8EB-4DD7-8822-D278D1CA1177}.Release|Any CPU.ActiveCfg = Release|Any CPU
		{9AB7615A-A8EB-4DD7-8822-D278D1CA1177}.Release|Any CPU.Build.0 = Release|Any CPU
		{96BEE1B0-776E-4FEE-8526-B6723BADA502}.Debug|Any CPU.ActiveCfg = Debug|Any CPU
		{96BEE1B0-776E-4FEE-8526-B6723BADA502}.Debug|Any CPU.Build.0 = Debug|Any CPU
		{96BEE1B0-776E-4FEE-8526-B6723BADA502}.Release|Any CPU.ActiveCfg = Release|Any CPU
		{96BEE1B0-776E-4FEE-8526-B6723BADA502}.Release|Any CPU.Build.0 = Release|Any CPU
		{DAC7C0A9-ACD0-4F51-9FAF-A64C90509C91}.Debug|Any CPU.ActiveCfg = Debug|Any CPU
		{DAC7C0A9-ACD0-4F51-9FAF-A64C90509C91}.Debug|Any CPU.Build.0 = Debug|Any CPU
		{DAC7C0A9-ACD0-4F51-9FAF-A64C90509C91}.Release|Any CPU.ActiveCfg = Release|Any CPU
		{DAC7C0A9-ACD0-4F51-9FAF-A64C90509C91}.Release|Any CPU.Build.0 = Release|Any CPU
		{132E7503-F1CA-4C17-BC91-FF986337480F}.Debug|Any CPU.ActiveCfg = Debug|Any CPU
		{132E7503-F1CA-4C17-BC91-FF986337480F}.Debug|Any CPU.Build.0 = Debug|Any CPU
		{132E7503-F1CA-4C17-BC91-FF986337480F}.Release|Any CPU.ActiveCfg = Release|Any CPU
		{132E7503-F1CA-4C17-BC91-FF986337480F}.Release|Any CPU.Build.0 = Release|Any CPU
		{862E1325-EF9B-442E-BA5B-15CE399F33B9}.Debug|Any CPU.ActiveCfg = Debug|Any CPU
		{862E1325-EF9B-442E-BA5B-15CE399F33B9}.Debug|Any CPU.Build.0 = Debug|Any CPU
		{862E1325-EF9B-442E-BA5B-15CE399F33B9}.Release|Any CPU.ActiveCfg = Release|Any CPU
		{862E1325-EF9B-442E-BA5B-15CE399F33B9}.Release|Any CPU.Build.0 = Release|Any CPU
		{1F1ADDE9-BC3D-4C5E-B583-D2DC264BE506}.Debug|Any CPU.ActiveCfg = Debug|Any CPU
		{1F1ADDE9-BC3D-4C5E-B583-D2DC264BE506}.Debug|Any CPU.Build.0 = Debug|Any CPU
		{1F1ADDE9-BC3D-4C5E-B583-D2DC264BE506}.Release|Any CPU.ActiveCfg = Release|Any CPU
		{1F1ADDE9-BC3D-4C5E-B583-D2DC264BE506}.Release|Any CPU.Build.0 = Release|Any CPU
		{8A152B4F-E2BD-47E7-8915-8F06ED7929A9}.Debug|Any CPU.ActiveCfg = Debug|Any CPU
		{8A152B4F-E2BD-47E7-8915-8F06ED7929A9}.Debug|Any CPU.Build.0 = Debug|Any CPU
		{8A152B4F-E2BD-47E7-8915-8F06ED7929A9}.Release|Any CPU.ActiveCfg = Release|Any CPU
		{8A152B4F-E2BD-47E7-8915-8F06ED7929A9}.Release|Any CPU.Build.0 = Release|Any CPU
	EndGlobalSection
	GlobalSection(SolutionProperties) = preSolution
		HideSolutionNode = FALSE
	EndGlobalSection
	GlobalSection(NestedProjects) = preSolution
		{C25F538C-F3BD-4458-B380-F4DADF29EBB9} = {91BBAD82-526F-46B9-8D5B-D5E533BE0CCF}
		{6C341D51-7ECA-4BE8-9D72-B97600B55104} = {91BBAD82-526F-46B9-8D5B-D5E533BE0CCF}
		{9B053248-0445-4A2C-9651-BFFB00164BB5} = {91BBAD82-526F-46B9-8D5B-D5E533BE0CCF}
		{3711E79F-F72A-4D6C-BAD2-03AE17A8DA2D} = {B88ED806-5207-4929-97B7-2C3A7627A3DE}
		{2C94BF83-D339-40A8-89A1-0C4BF59367F4} = {B88ED806-5207-4929-97B7-2C3A7627A3DE}
		{54E9087C-35E7-435D-8D71-8EF04D645710} = {B88ED806-5207-4929-97B7-2C3A7627A3DE}
		{122539D6-7DD4-454A-B2BD-3E3CD5BC1B13} = {B8C3B516-4BF1-49A3-82B5-9CFDBA3E5DC3}
		{C1ED4AF7-06D2-457E-B739-2C4BD9FC8EBF} = {B8C3B516-4BF1-49A3-82B5-9CFDBA3E5DC3}
		{FBF67B3E-4B66-4046-9AEF-EB3986DC73D6} = {B8C3B516-4BF1-49A3-82B5-9CFDBA3E5DC3}
		{438DEE65-0935-48FF-8D96-55B6C6E0A2AA} = {8B4BFA39-5314-4EDE-927C-29B744992D08}
		{13DE978D-7FFB-42AA-986F-8EF98C164298} = {8B4BFA39-5314-4EDE-927C-29B744992D08}
		{366FBC86-DA99-424B-8F8A-94107E74057C} = {8B4BFA39-5314-4EDE-927C-29B744992D08}
		{480B7E94-E844-4A8B-AB32-4EA8D5F03589} = {D7557604-F660-483C-B625-BE9D38B2E6B9}
		{88206EBF-2B13-434F-9985-8626653F5B0D} = {D7557604-F660-483C-B625-BE9D38B2E6B9}
		{9AB7615A-A8EB-4DD7-8822-D278D1CA1177} = {D7557604-F660-483C-B625-BE9D38B2E6B9}
		{96BEE1B0-776E-4FEE-8526-B6723BADA502} = {6C805D00-AF47-4F45-AF69-31AE9DFFEE03}
		{DAC7C0A9-ACD0-4F51-9FAF-A64C90509C91} = {6C805D00-AF47-4F45-AF69-31AE9DFFEE03}
		{132E7503-F1CA-4C17-BC91-FF986337480F} = {6C805D00-AF47-4F45-AF69-31AE9DFFEE03}
		{862E1325-EF9B-442E-BA5B-15CE399F33B9} = {B7B7EFF9-0071-4792-8E21-0EFD94374EDF}
		{1F1ADDE9-BC3D-4C5E-B583-D2DC264BE506} = {B7B7EFF9-0071-4792-8E21-0EFD94374EDF}
		{8A152B4F-E2BD-47E7-8915-8F06ED7929A9} = {B7B7EFF9-0071-4792-8E21-0EFD94374EDF}
	EndGlobalSection
	GlobalSection(ExtensibilityGlobals) = postSolution
		SolutionGuid = {237CFF57-CD22-4546-A3A6-56C98CD4596F}
	EndGlobalSection
EndGlobal
